// !$*UTF8*$!
{
	archiveVersion = 1;
	classes = {
	};
	objectVersion = 48;
	objects = {

/* Begin PBXBuildFile section */
		2D638A9E1FBC94780099F876 /* AppDelegate.m in Sources */ = {isa = PBXBuildFile; fileRef = 2D638A9D1FBC94780099F876 /* AppDelegate.m */; };
		2D638AA11FBC94780099F876 /* ViewController.m in Sources */ = {isa = PBXBuildFile; fileRef = 2D638AA01FBC94780099F876 /* ViewController.m */; };
		2D638AA41FBC94780099F876 /* Main.storyboard in Resources */ = {isa = PBXBuildFile; fileRef = 2D638AA21FBC94780099F876 /* Main.storyboard */; };
		2D638AA61FBC94780099F876 /* Assets.xcassets in Resources */ = {isa = PBXBuildFile; fileRef = 2D638AA51FBC94780099F876 /* Assets.xcassets */; };
		2D638AA91FBC94780099F876 /* LaunchScreen.storyboard in Resources */ = {isa = PBXBuildFile; fileRef = 2D638AA71FBC94780099F876 /* LaunchScreen.storyboard */; };
		2D638AAC1FBC94780099F876 /* main.m in Sources */ = {isa = PBXBuildFile; fileRef = 2D638AAB1FBC94780099F876 /* main.m */; };
		2D638AB41FBC951B0099F876 /* PhotoCell.m in Sources */ = {isa = PBXBuildFile; fileRef = 2D638AB31FBC951B0099F876 /* PhotoCell.m */; };
		2D638AB71FBC96D20099F876 /* PhotoGalleryCollectionViewController.m in Sources */ = {isa = PBXBuildFile; fileRef = 2D638AB61FBC96D20099F876 /* PhotoGalleryCollectionViewController.m */; };
		2D638ABA1FBCBB570099F876 /* HeaderView.m in Sources */ = {isa = PBXBuildFile; fileRef = 2D638AB91FBCBB570099F876 /* HeaderView.m */; };
		2DF17DCD1FBCDD6C004C5FC8 /* CVSection.m in Sources */ = {isa = PBXBuildFile; fileRef = 2DF17DCC1FBCDD6C004C5FC8 /* CVSection.m */; };
		2DF17DD01FBCDD75004C5FC8 /* CVState.m in Sources */ = {isa = PBXBuildFile; fileRef = 2DF17DCF1FBCDD75004C5FC8 /* CVState.m */; };
/* End PBXBuildFile section */

/* Begin PBXFileReference section */
		2D638A991FBC94780099F876 /* InstaKilo.app */ = {isa = PBXFileReference; explicitFileType = wrapper.application; includeInIndex = 0; path = InstaKilo.app; sourceTree = BUILT_PRODUCTS_DIR; };
		2D638A9C1FBC94780099F876 /* AppDelegate.h */ = {isa = PBXFileReference; lastKnownFileType = sourcecode.c.h; path = AppDelegate.h; sourceTree = "<group>"; };
		2D638A9D1FBC94780099F876 /* AppDelegate.m */ = {isa = PBXFileReference; lastKnownFileType = sourcecode.c.objc; path = AppDelegate.m; sourceTree = "<group>"; };
		2D638A9F1FBC94780099F876 /* ViewController.h */ = {isa = PBXFileReference; lastKnownFileType = sourcecode.c.h; path = ViewController.h; sourceTree = "<group>"; };
		2D638AA01FBC94780099F876 /* ViewController.m */ = {isa = PBXFileReference; lastKnownFileType = sourcecode.c.objc; path = ViewController.m; sourceTree = "<group>"; };
		2D638AA31FBC94780099F876 /* Base */ = {isa = PBXFileReference; lastKnownFileType = file.storyboard; name = Base; path = Base.lproj/Main.storyboard; sourceTree = "<group>"; };
		2D638AA51FBC94780099F876 /* Assets.xcassets */ = {isa = PBXFileReference; lastKnownFileType = folder.assetcatalog; path = Assets.xcassets; sourceTree = "<group>"; };
		2D638AA81FBC94780099F876 /* Base */ = {isa = PBXFileReference; lastKnownFileType = file.storyboard; name = Base; path = Base.lproj/LaunchScreen.storyboard; sourceTree = "<group>"; };
		2D638AAA1FBC94780099F876 /* Info.plist */ = {isa = PBXFileReference; lastKnownFileType = text.plist.xml; path = Info.plist; sourceTree = "<group>"; };
		2D638AAB1FBC94780099F876 /* main.m */ = {isa = PBXFileReference; lastKnownFileType = sourcecode.c.objc; path = main.m; sourceTree = "<group>"; };
		2D638AB21FBC951B0099F876 /* PhotoCell.h */ = {isa = PBXFileReference; lastKnownFileType = sourcecode.c.h; path = PhotoCell.h; sourceTree = "<group>"; };
		2D638AB31FBC951B0099F876 /* PhotoCell.m */ = {isa = PBXFileReference; lastKnownFileType = sourcecode.c.objc; path = PhotoCell.m; sourceTree = "<group>"; };
		2D638AB51FBC96D20099F876 /* PhotoGalleryCollectionViewController.h */ = {isa = PBXFileReference; lastKnownFileType = sourcecode.c.h; path = PhotoGalleryCollectionViewController.h; sourceTree = "<group>"; };
		2D638AB61FBC96D20099F876 /* PhotoGalleryCollectionViewController.m */ = {isa = PBXFileReference; lastKnownFileType = sourcecode.c.objc; path = PhotoGalleryCollectionViewController.m; sourceTree = "<group>"; };
		2D638AB81FBCBB570099F876 /* HeaderView.h */ = {isa = PBXFileReference; lastKnownFileType = sourcecode.c.h; path = HeaderView.h; sourceTree = "<group>"; };
		2D638AB91FBCBB570099F876 /* HeaderView.m */ = {isa = PBXFileReference; lastKnownFileType = sourcecode.c.objc; path = HeaderView.m; sourceTree = "<group>"; };
		2DF17DCB1FBCDD6C004C5FC8 /* CVSection.h */ = {isa = PBXFileReference; lastKnownFileType = sourcecode.c.h; path = CVSection.h; sourceTree = "<group>"; };
		2DF17DCC1FBCDD6C004C5FC8 /* CVSection.m */ = {isa = PBXFileReference; lastKnownFileType = sourcecode.c.objc; path = CVSection.m; sourceTree = "<group>"; };
		2DF17DCE1FBCDD75004C5FC8 /* CVState.h */ = {isa = PBXFileReference; lastKnownFileType = sourcecode.c.h; path = CVState.h; sourceTree = "<group>"; };
		2DF17DCF1FBCDD75004C5FC8 /* CVState.m */ = {isa = PBXFileReference; lastKnownFileType = sourcecode.c.objc; path = CVState.m; sourceTree = "<group>"; };
/* End PBXFileReference section */

/* Begin PBXFrameworksBuildPhase section */
		2D638A961FBC94780099F876 /* Frameworks */ = {
			isa = PBXFrameworksBuildPhase;
			buildActionMask = 2147483647;
			files = (
			);
			runOnlyForDeploymentPostprocessing = 0;
		};
/* End PBXFrameworksBuildPhase section */

/* Begin PBXGroup section */
		2D638A901FBC94780099F876 = {
			isa = PBXGroup;
			children = (
				2D638A9B1FBC94780099F876 /* InstaKilo */,
				2D638A9A1FBC94780099F876 /* Products */,
			);
			sourceTree = "<group>";
		};
		2D638A9A1FBC94780099F876 /* Products */ = {
			isa = PBXGroup;
			children = (
				2D638A991FBC94780099F876 /* InstaKilo.app */,
			);
			name = Products;
			sourceTree = "<group>";
		};
		2D638A9B1FBC94780099F876 /* InstaKilo */ = {
			isa = PBXGroup;
			children = (
				2D638A9C1FBC94780099F876 /* AppDelegate.h */,
				2D638A9D1FBC94780099F876 /* AppDelegate.m */,
				2D638A9F1FBC94780099F876 /* ViewController.h */,
				2D638AA01FBC94780099F876 /* ViewController.m */,
				2D638AA21FBC94780099F876 /* Main.storyboard */,
				2D638AB81FBCBB570099F876 /* HeaderView.h */,
				2D638AB91FBCBB570099F876 /* HeaderView.m */,
				2D638AB51FBC96D20099F876 /* PhotoGalleryCollectionViewController.h */,
				2D638AB61FBC96D20099F876 /* PhotoGalleryCollectionViewController.m */,
				2DF17DCB1FBCDD6C004C5FC8 /* CVSection.h */,
				2DF17DCC1FBCDD6C004C5FC8 /* CVSection.m */,
				2DF17DCE1FBCDD75004C5FC8 /* CVState.h */,
				2DF17DCF1FBCDD75004C5FC8 /* CVState.m */,
				2D638AB21FBC951B0099F876 /* PhotoCell.h */,
				2D638AB31FBC951B0099F876 /* PhotoCell.m */,
				2D638AA51FBC94780099F876 /* Assets.xcassets */,
				2D638AA71FBC94780099F876 /* LaunchScreen.storyboard */,
				2D638AAA1FBC94780099F876 /* Info.plist */,
				2D638AAB1FBC94780099F876 /* main.m */,
			);
			path = InstaKilo;
			sourceTree = "<group>";
		};
/* End PBXGroup section */

/* Begin PBXNativeTarget section */
		2D638A981FBC94780099F876 /* InstaKilo */ = {
			isa = PBXNativeTarget;
			buildConfigurationList = 2D638AAF1FBC94780099F876 /* Build configuration list for PBXNativeTarget "InstaKilo" */;
			buildPhases = (
				2D638A951FBC94780099F876 /* Sources */,
				2D638A961FBC94780099F876 /* Frameworks */,
				2D638A971FBC94780099F876 /* Resources */,
			);
			buildRules = (
			);
			dependencies = (
			);
			name = InstaKilo;
			productName = InstaKilo;
			productReference = 2D638A991FBC94780099F876 /* InstaKilo.app */;
			productType = "com.apple.product-type.application";
		};
/* End PBXNativeTarget section */

/* Begin PBXProject section */
		2D638A911FBC94780099F876 /* Project object */ = {
			isa = PBXProject;
			attributes = {
				LastUpgradeCheck = 0900;
				ORGANIZATIONNAME = "Javier Xing";
				TargetAttributes = {
					2D638A981FBC94780099F876 = {
						CreatedOnToolsVersion = 9.0.1;
						ProvisioningStyle = Automatic;
					};
				};
			};
			buildConfigurationList = 2D638A941FBC94780099F876 /* Build configuration list for PBXProject "InstaKilo" */;
			compatibilityVersion = "Xcode 8.0";
			developmentRegion = en;
			hasScannedForEncodings = 0;
			knownRegions = (
				en,
				Base,
			);
			mainGroup = 2D638A901FBC94780099F876;
			productRefGroup = 2D638A9A1FBC94780099F876 /* Products */;
			projectDirPath = "";
			projectRoot = "";
			targets = (
				2D638A981FBC94780099F876 /* InstaKilo */,
			);
		};
/* End PBXProject section */

/* Begin PBXResourcesBuildPhase section */
		2D638A971FBC94780099F876 /* Resources */ = {
			isa = PBXResourcesBuildPhase;
			buildActionMask = 2147483647;
			files = (
				2D638AA91FBC94780099F876 /* LaunchScreen.storyboard in Resources */,
				2D638AA61FBC94780099F876 /* Assets.xcassets in Resources */,
				2D638AA41FBC94780099F876 /* Main.storyboard in Resources */,
			);
			runOnlyForDeploymentPostprocessing = 0;
		};
/* End PBXResourcesBuildPhase section */

/* Begin PBXSourcesBuildPhase section */
		2D638A951FBC94780099F876 /* Sources */ = {
			isa = PBXSourcesBuildPhase;
			buildActionMask = 2147483647;
			files = (
				2D638AB41FBC951B0099F876 /* PhotoCell.m in Sources */,
				2D638ABA1FBCBB570099F876 /* HeaderView.m in Sources */,
				2D638AB71FBC96D20099F876 /* PhotoGalleryCollectionViewController.m in Sources */,
				2D638AA11FBC94780099F876 /* ViewController.m in Sources */,
				2D638AAC1FBC94780099F876 /* main.m in Sources */,
				2D638A9E1FBC94780099F876 /* AppDelegate.m in Sources */,
				2DF17DD01FBCDD75004C5FC8 /* CVState.m in Sources */,
				2DF17DCD1FBCDD6C004C5FC8 /* CVSection.m in Sources */,
			);
			runOnlyForDeploymentPostprocessing = 0;
		};
/* End PBXSourcesBuildPhase section */

/* Begin PBXVariantGroup section */
		2D638AA21FBC94780099F876 /* Main.storyboard */ = {
			isa = PBXVariantGroup;
			children = (
				2D638AA31FBC94780099F876 /* Base */,
			);
			name = Main.storyboard;
			sourceTree = "<group>";
		};
		2D638AA71FBC94780099F876 /* LaunchScreen.storyboard */ = {
			isa = PBXVariantGroup;
			children = (
				2D638AA81FBC94780099F876 /* Base */,
			);
			name = LaunchScreen.storyboard;
			sourceTree = "<group>";
		};
/* End PBXVariantGroup section */

/* Begin XCBuildConfiguration section */
		2D638AAD1FBC94780099F876 /* Debug */ = {
			isa = XCBuildConfiguration;
			buildSettings = {
				ALWAYS_SEARCH_USER_PATHS = NO;
				CLANG_ANALYZER_NONNULL = YES;
				CLANG_ANALYZER_NUMBER_OBJECT_CONVERSION = YES_AGGRESSIVE;
				CLANG_CXX_LANGUAGE_STANDARD = "gnu++14";
				CLANG_CXX_LIBRARY = "libc++";
				CLANG_ENABLE_MODULES = YES;
				CLANG_ENABLE_OBJC_ARC = YES;
				CLANG_WARN_BLOCK_CAPTURE_AUTORELEASING = YES;
				CLANG_WARN_BOOL_CONVERSION = YES;
				CLANG_WARN_COMMA = YES;
				CLANG_WARN_CONSTANT_CONVERSION = YES;
				CLANG_WARN_DIRECT_OBJC_ISA_USAGE = YES_ERROR;
				CLANG_WARN_DOCUMENTATION_COMMENTS = YES;
				CLANG_WARN_EMPTY_BODY = YES;
				CLANG_WARN_ENUM_CONVERSION = YES;
				CLANG_WARN_INFINITE_RECURSION = YES;
				CLANG_WARN_INT_CONVERSION = YES;
				CLANG_WARN_NON_LITERAL_NULL_CONVERSION = YES;
				CLANG_WARN_OBJC_LITERAL_CONVERSION = YES;
				CLANG_WARN_OBJC_ROOT_CLASS = YES_ERROR;
				CLANG_WARN_RANGE_LOOP_ANALYSIS = YES;
				CLANG_WARN_STRICT_PROTOTYPES = YES;
				CLANG_WARN_SUSPICIOUS_MOVE = YES;
				CLANG_WARN_UNGUARDED_AVAILABILITY = YES_AGGRESSIVE;
				CLANG_WARN_UNREACHABLE_CODE = YES;
				CLANG_WARN__DUPLICATE_METHOD_MATCH = YES;
				CODE_SIGN_IDENTITY = "iPhone Developer";
				COPY_PHASE_STRIP = NO;
				DEBUG_INFORMATION_FORMAT = dwarf;
				ENABLE_STRICT_OBJC_MSGSEND = YES;
				ENABLE_TESTABILITY = YES;
				GCC_C_LANGUAGE_STANDARD = gnu11;
				GCC_DYNAMIC_NO_PIC = NO;
				GCC_NO_COMMON_BLOCKS = YES;
				GCC_OPTIMIZATION_LEVEL = 0;
				GCC_PREPROCESSOR_DEFINITIONS = (
					"DEBUG=1",
					"$(inherited)",
				);
				GCC_WARN_64_TO_32_BIT_CONVERSION = YES;
				GCC_WARN_ABOUT_RETURN_TYPE = YES_ERROR;
				GCC_WARN_UNDECLARED_SELECTOR = YES;
				GCC_WARN_UNINITIALIZED_AUTOS = YES_AGGRESSIVE;
				GCC_WARN_UNUSED_FUNCTION = YES;
				GCC_WARN_UNUSED_VARIABLE = YES;
				IPHONEOS_DEPLOYMENT_TARGET = 11.0;
				MTL_ENABLE_DEBUG_INFO = YES;
				ONLY_ACTIVE_ARCH = YES;
				SDKROOT = iphoneos;
			};
			name = Debug;
		};
		2D638AAE1FBC94780099F876 /* Release */ = {
			isa = XCBuildConfiguration;
			buildSettings = {
				ALWAYS_SEARCH_USER_PATHS = NO;
				CLANG_ANALYZER_NONNULL = YES;
				CLANG_ANALYZER_NUMBER_OBJECT_CONVERSION = YES_AGGRESSIVE;
				CLANG_CXX_LANGUAGE_STANDARD = "gnu++14";
				CLANG_CXX_LIBRARY = "libc++";
				CLANG_ENABLE_MODULES = YES;
				CLANG_ENABLE_OBJC_ARC = YES;
				CLANG_WARN_BLOCK_CAPTURE_AUTORELEASING = YES;
				CLANG_WARN_BOOL_CONVERSION = YES;
				CLANG_WARN_COMMA = YES;
				CLANG_WARN_CONSTANT_CONVERSION = YES;
				CLANG_WARN_DIRECT_OBJC_ISA_USAGE = YES_ERROR;
				CLANG_WARN_DOCUMENTATION_COMMENTS = YES;
				CLANG_WARN_EMPTY_BODY = YES;
				CLANG_WARN_ENUM_CONVERSION = YES;
				CLANG_WARN_INFINITE_RECURSION = YES;
				CLANG_WARN_INT_CONVERSION = YES;
				CLANG_WARN_NON_LITERAL_NULL_CONVERSION = YES;
				CLANG_WARN_OBJC_LITERAL_CONVERSION = YES;
				CLANG_WARN_OBJC_ROOT_CLASS = YES_ERROR;
				CLANG_WARN_RANGE_LOOP_ANALYSIS = YES;
				CLANG_WARN_STRICT_PROTOTYPES = YES;
				CLANG_WARN_SUSPICIOUS_MOVE = YES;
				CLANG_WARN_UNGUARDED_AVAILABILITY = YES_AGGRESSIVE;
				CLANG_WARN_UNREACHABLE_CODE = YES;
				CLANG_WARN__DUPLICATE_METHOD_MATCH = YES;
				CODE_SIGN_IDENTITY = "iPhone Developer";
				COPY_PHASE_STRIP = NO;
				DEBUG_INFORMATION_FORMAT = "dwarf-with-dsym";
				ENABLE_NS_ASSERTIONS = NO;
				ENABLE_STRICT_OBJC_MSGSEND = YES;
				GCC_C_LANGUAGE_STANDARD = gnu11;
				GCC_NO_COMMON_BLOCKS = YES;
				GCC_WARN_64_TO_32_BIT_CONVERSION = YES;
				GCC_WARN_ABOUT_RETURN_TYPE = YES_ERROR;
				GCC_WARN_UNDECLARED_SELECTOR = YES;
				GCC_WARN_UNINITIALIZED_AUTOS = YES_AGGRESSIVE;
				GCC_WARN_UNUSED_FUNCTION = YES;
				GCC_WARN_UNUSED_VARIABLE = YES;
				IPHONEOS_DEPLOYMENT_TARGET = 11.0;
				MTL_ENABLE_DEBUG_INFO = NO;
				SDKROOT = iphoneos;
				VALIDATE_PRODUCT = YES;
			};
			name = Release;
		};
		2D638AB01FBC94780099F876 /* Debug */ = {
			isa = XCBuildConfiguration;
			buildSettings = {
				ASSETCATALOG_COMPILER_APPICON_NAME = AppIcon;
				CODE_SIGN_STYLE = Automatic;
				INFOPLIST_FILE = InstaKilo/Info.plist;
				LD_RUNPATH_SEARCH_PATHS = "$(inherited) @executable_path/Frameworks";
				PRODUCT_BUNDLE_IDENTIFIER = HellowWorld.InstaKilo;
				PRODUCT_NAME = "$(TARGET_NAME)";
				TARGETED_DEVICE_FAMILY = "1,2";
			};
			name = Debug;
		};
		2D638AB11FBC94780099F876 /* Release */ = {
			isa = XCBuildConfiguration;
			buildSettings = {
				ASSETCATALOG_COMPILER_APPICON_NAME = AppIcon;
				CODE_SIGN_STYLE = Automatic;
				INFOPLIST_FILE = InstaKilo/Info.plist;
				LD_RUNPATH_SEARCH_PATHS = "$(inherited) @executable_path/Frameworks";
				PRODUCT_BUNDLE_IDENTIFIER = HellowWorld.InstaKilo;
				PRODUCT_NAME = "$(TARGET_NAME)";
				TARGETED_DEVICE_FAMILY = "1,2";
			};
			name = Release;
		};
/* End XCBuildConfiguration section */

/* Begin XCConfigurationList section */
		2D638A941FBC94780099F876 /* Build configuration list for PBXProject "InstaKilo" */ = {
			isa = XCConfigurationList;
			buildConfigurations = (
				2D638AAD1FBC94780099F876 /* Debug */,
				2D638AAE1FBC94780099F876 /* Release */,
			);
			defaultConfigurationIsVisible = 0;
			defaultConfigurationName = Release;
		};
		2D638AAF1FBC94780099F876 /* Build configuration list for PBXNativeTarget "InstaKilo" */ = {
			isa = XCConfigurationList;
			buildConfigurations = (
				2D638AB01FBC94780099F876 /* Debug */,
				2D638AB11FBC94780099F876 /* Release */,
			);
			defaultConfigurationIsVisible = 0;
			defaultConfigurationName = Release;
		};
/* End XCConfigurationList section */
	};
	rootObject = 2D638A911FBC94780099F876 /* Project object */;
}
